
Microsoft Visual Studio Solution File, Format Version 12.00
# Visual Studio 15
VisualStudioVersion = 15.0.28307.438
MinimumVisualStudioVersion = 10.0.40219.1
Project("{FAE04EC0-301F-11D3-BF4B-00C04F79EFBC}") = "CianOReilly_s00187820", "CianOReilly_s00187820\CianOReilly_s00187820.csproj", "{667D6A91-CFBE-4968-B7BA-A966303ED2F5}"
EndProject
Project("{FAE04EC0-301F-11D3-BF4B-00C04F79EFBC}") = "UnitTest", "UnitTest\UnitTest.csproj", "{027581DA-F0B1-4079-836C-DBA7ED865719}"
EndProject
Global
	GlobalSection(SolutionConfigurationPlatforms) = preSolution
		Debug|Any CPU = Debug|Any CPU
		Release|Any CPU = Release|Any CPU
	EndGlobalSection
	GlobalSection(ProjectConfigurationPlatforms) = postSolution
		{667D6A91-CFBE-4968-B7BA-A966303ED2F5}.Debug|Any CPU.ActiveCfg = Debug|Any CPU
		{667D6A91-CFBE-4968-B7BA-A966303ED2F5}.Debug|Any CPU.Build.0 = Debug|Any CPU
		{667D6A91-CFBE-4968-B7BA-A966303ED2F5}.Release|Any CPU.ActiveCfg = Release|Any CPU
		{667D6A91-CFBE-4968-B7BA-A966303ED2F5}.Release|Any CPU.Build.0 = Release|Any CPU
		{027581DA-F0B1-4079-836C-DBA7ED865719}.Debug|Any CPU.ActiveCfg = Debug|Any CPU
		{027581DA-F0B1-4079-836C-DBA7ED865719}.Debug|Any CPU.Build.0 = Debug|Any CPU
		{027581DA-F0B1-4079-836C-DBA7ED865719}.Release|Any CPU.ActiveCfg = Release|Any CPU
		{027581DA-F0B1-4079-836C-DBA7ED865719}.Release|Any CPU.Build.0 = Release|Any CPU
	EndGlobalSection
	GlobalSection(SolutionProperties) = preSolution
		HideSolutionNode = FALSE
	EndGlobalSection
	GlobalSection(ExtensibilityGlobals) = postSolution
		SolutionGuid = {5C0BFE1E-AB6A-446F-88CC-D0922C46FA5E}
	EndGlobalSection
EndGlobal
